<?xml version="1.0" encoding="utf-8"?>
<Project ToolsVersion="4.0" xmlns="http://schemas.microsoft.com/developer/msbuild/2003">
  <ItemGroup>
    <Filter Include="Source Files">
      <UniqueIdentifier>{4c4cd3a6-475e-4734-b0fe-cef900b353a4}</UniqueIdentifier>
    </Filter>
  </ItemGroup>
  <ItemGroup>
    <ClCompile Include="..\fc-glyphname\fc-glyphname.c">
      <Filter>Source Files</Filter>
    </ClCompile>
  </ItemGroup>
</Project>