<?xml version="1.0" encoding="utf-8"?>
<Project ToolsVersion="4.0" xmlns="http://schemas.microsoft.com/developer/msbuild/2003">
  <ItemGroup>
    <Filter Include="Header Files">
      <UniqueIdentifier>{2f2c4a75-f563-4eda-81a8-99f05e978394}</UniqueIdentifier>
    </Filter>
    <Filter Include="Source Files">
      <UniqueIdentifier>{9dcb9da6-1c85-40b9-b875-9bdf9575be2d}</UniqueIdentifier>
    </Filter>
    <Filter Include="Resource Files">
      <UniqueIdentifier>{e05e69ea-955c-4c2c-83f8-ff30c0007387}</UniqueIdentifier>
    </Filter>
    <Filter Include="Header Files\src">
      <UniqueIdentifier>{922e0cd8-983a-43d3-bad3-20bd11bb918e}</UniqueIdentifier>
    </Filter>
    <Filter Include="Header Files\fontconfig">
      <UniqueIdentifier>{0dfb972a-51ee-40d0-a100-c759b6d83f44}</UniqueIdentifier>
    </Filter>
  </ItemGroup>
  <ItemGroup>
    <ClInclude Include="..\src\fcarch.h">
      <Filter>Header Files\src</Filter>
    </ClInclude>
    <ClInclude Include="..\src\fcdeprecate.h">
      <Filter>Header Files\src</Filter>
    </ClInclude>
    <ClInclude Include="..\src\fcftint.h">
      <Filter>Header Files\src</Filter>
    </ClInclude>
    <ClInclude Include="..\src\fcint.h">
      <Filter>Header Files\src</Filter>
    </ClInclude>
    <ClInclude Include="..\src\fcmutex.h">
      <Filter>Header Files\src</Filter>
    </ClInclude>
    <ClInclude Include="..\src\fcobjs.h">
      <Filter>Header Files\src</Filter>
    </ClInclude>
    <ClInclude Include="..\src\fcwindows.h">
      <Filter>Header Files\src</Filter>
    </ClInclude>
    <ClInclude Include="..\src\ftglue.h">
      <Filter>Header Files\src</Filter>
    </ClInclude>
    <ClInclude Include="..\fontconfig\fcfreetype.h">
      <Filter>Header Files\fontconfig</Filter>
    </ClInclude>
    <ClInclude Include="..\fontconfig\fcprivate.h">
      <Filter>Header Files\fontconfig</Filter>
    </ClInclude>
    <ClInclude Include="..\fontconfig\fontconfig.h">
      <Filter>Header Files\fontconfig</Filter>
    </ClInclude>
    <ClInclude Include="config.h">
      <Filter>Header Files</Filter>
    </ClInclude>
    <ClInclude Include="src\fcalias.h">
      <Filter>Header Files</Filter>
    </ClInclude>
    <ClInclude Include="src\fcaliastail.h">
      <Filter>Header Files</Filter>
    </ClInclude>
    <ClInclude Include="src\fcftalias.h">
      <Filter>Header Files</Filter>
    </ClInclude>
    <ClInclude Include="src\fcftaliastail.h">
      <Filter>Header Files</Filter>
    </ClInclude>
    <ClInclude Include="src\fcstdint.h">
      <Filter>Header Files</Filter>
    </ClInclude>
    <ClInclude Include="fc-case\fccase.h">
      <Filter>Header Files</Filter>
    </ClInclude>
    <ClInclude Include="fc-lang\fclang.h">
      <Filter>Header Files</Filter>
    </ClInclude>
    <ClInclude Include="..\src\fcatomic.h">
      <Filter>Header Files\src</Filter>
    </ClInclude>
  </ItemGroup>
  <ItemGroup>
    <ClCompile Include="..\src\fcformat.c">
      <Filter>Source Files</Filter>
    </ClCompile>
    <ClCompile Include="..\src\fcfreetype.c">
      <Filter>Source Files</Filter>
    </ClCompile>
    <ClCompile Include="..\src\fcatomic.c">
      <Filter>Source Files</Filter>
    </ClCompile>
    <ClCompile Include="..\src\fccache.c">
      <Filter>Source Files</Filter>
    </ClCompile>
    <ClCompile Include="..\src\fccfg.c">
      <Filter>Source Files</Filter>
    </ClCompile>
    <ClCompile Include="..\src\fccharset.c">
      <Filter>Source Files</Filter>
    </ClCompile>
    <ClCompile Include="..\src\fccompat.c">
      <Filter>Source Files</Filter>
    </ClCompile>
    <ClCompile Include="..\src\fcdbg.c">
      <Filter>Source Files</Filter>
    </ClCompile>
    <ClCompile Include="..\src\fcdefault.c">
      <Filter>Source Files</Filter>
    </ClCompile>
    <ClCompile Include="..\src\fcdir.c">
      <Filter>Source Files</Filter>
    </ClCompile>
    <ClCompile Include="..\src\fcstr.c">
      <Filter>Source Files</Filter>
    </ClCompile>
    <ClCompile Include="..\src\fcxml.c">
      <Filter>Source Files</Filter>
    </ClCompile>
    <ClCompile Include="..\src\fcfs.c">
      <Filter>Source Files</Filter>
    </ClCompile>
    <ClCompile Include="..\src\fcinit.c">
      <Filter>Source Files</Filter>
    </ClCompile>
    <ClCompile Include="..\src\fclang.c">
      <Filter>Source Files</Filter>
    </ClCompile>
    <ClCompile Include="..\src\fclist.c">
      <Filter>Source Files</Filter>
    </ClCompile>
    <ClCompile Include="..\src\fcmatch.c">
      <Filter>Source Files</Filter>
    </ClCompile>
    <ClCompile Include="..\src\fcmatrix.c">
      <Filter>Source Files</Filter>
    </ClCompile>
    <ClCompile Include="..\src\fcname.c">
      <Filter>Source Files</Filter>
    </ClCompile>
    <ClCompile Include="..\src\fcobjs.c">
      <Filter>Source Files</Filter>
    </ClCompile>
    <ClCompile Include="..\src\fcpat.c">
      <Filter>Source Files</Filter>
    </ClCompile>
    <ClCompile Include="..\src\fcserialize.c">
      <Filter>Source Files</Filter>
    </ClCompile>
    <ClCompile Include="..\src\fcstat.c">
      <Filter>Source Files</Filter>
    </ClCompile>
    <ClCompile Include="..\src\ftglue.c">
      <Filter>Source Files</Filter>
    </ClCompile>
    <ClCompile Include="..\src\fcrange.c">
      <Filter>Source Files</Filter>
    </ClCompile>
    <ClCompile Include="..\src\fcweight.c">
      <Filter>Source Files</Filter>
    </ClCompile>
    <ClCompile Include="..\src\fchash.c">
      <Filter>Source Files</Filter>
    </ClCompile>
    <ClCompile Include="..\src\fcptrlist.c">
      <Filter>Source Files</Filter>
    </ClCompile>
  </ItemGroup>
  <ItemGroup>
    <None Include="libfontconfig.def">
      <Filter>Resource Files</Filter>
    </None>
  </ItemGroup>
</Project>