<?xml version="1.0" encoding="utf-8"?>
<Project ToolsVersion="4.0" xmlns="http://schemas.microsoft.com/developer/msbuild/2003">
  <ItemGroup>
    <Filter Include="Source Files">
      <UniqueIdentifier>{04aec9d7-7ce6-462e-9936-b0a281f2c7f3}</UniqueIdentifier>
    </Filter>
  </ItemGroup>
  <ItemGroup>
    <ClCompile Include="..\fc-lang\fc-lang.c">
      <Filter>Source Files</Filter>
    </ClCompile>
  </ItemGroup>
</Project>